PODS:
  - Flutter (1.0.0)
  - Qonversion (1.1.1)
  - qonversion_flutter (0.2.5):
    - Flutter
    - Qonversion (~> 1.1)

DEPENDENCIES:
  - Flutter (from `Flutter`)
  - qonversion_flutter (from `.symlinks/plugins/qonversion_flutter/ios`)

SPEC REPOS:
  trunk:
    - Qonversion

EXTERNAL SOURCES:
  Flutter:
    :path: Flutter
  qonversion_flutter:
    :path: ".symlinks/plugins/qonversion_flutter/ios"

SPEC CHECKSUMS:
  Flutter: 0e3d915762c693b495b44d77113d4970485de6ec
  Qonversion: 1ac66d060c738afae7f5e887c429080b535118ae
  qonversion_flutter: 68b8acf71284672ee502878ecfc9e2d751c433d7

PODFILE CHECKSUM: 083258d7f5e80b42ea9bfee905fe93049bc04c64

COCOAPODS: 1.9.1
