PODS:
  - Flutter (1.0.0)
  - Qonversion (0.7.1)
  - qonversion_flutter_sdk (0.0.1):
    - Flutter
    - Qonversion (~> 0.7)

DEPENDENCIES:
  - Flutter (from `Flutter`)
  - qonversion_flutter_sdk (from `.symlinks/plugins/qonversion_flutter_sdk/ios`)

SPEC REPOS:
  trunk:
    - Qonversion

EXTERNAL SOURCES:
  Flutter:
    :path: Flutter
  qonversion_flutter_sdk:
    :path: ".symlinks/plugins/qonversion_flutter_sdk/ios"

SPEC CHECKSUMS:
  Flutter: 0e3d915762c693b495b44d77113d4970485de6ec
  Qonversion: 27e98ee044e9599f99e9298e06262b9750cde7d1
  qonversion_flutter_sdk: 18ca9d951ef27c27caf72b0c9af4ecf61c94e0b9

PODFILE CHECKSUM: 083258d7f5e80b42ea9bfee905fe93049bc04c64

COCOAPODS: 1.8.4
