PODS:
  - FlutterMacOS (1.0.0)
  - Qonversion (6.15.0):
    - Qonversion/Main (= 6.15.0)
  - Qonversion/Main (6.15.0)
  - qonversion_flutter (9.3.0):
    - FlutterMacOS
    - QonversionSandwich (= 7.13.0)
  - QonversionSandwich (7.13.0):
    - Qonversion (= 6.15.0)

DEPENDENCIES:
  - FlutterMacOS (from `Flutter/ephemeral`)
  - qonversion_flutter (from `Flutter/ephemeral/.symlinks/plugins/qonversion_flutter/macos`)

SPEC REPOS:
  trunk:
    - Qonversion
    - QonversionSandwich

EXTERNAL SOURCES:
  FlutterMacOS:
    :path: Flutter/ephemeral
  qonversion_flutter:
    :path: Flutter/ephemeral/.symlinks/plugins/qonversion_flutter/macos

SPEC CHECKSUMS:
  FlutterMacOS: 8f6f14fa908a6fb3fba0cd85dbd81ec4b251fb24
  Qonversion: f9da10400f733bbc3f16de39203d0594b3c1172c
  qonversion_flutter: 90cb3800358a397507325ffd636d2de03388041d
  QonversionSandwich: 94f6dccbb14cf86204d43f1275c0c841881a16c2

PODFILE CHECKSUM: 54d867c82ac51cbd61b565781b9fada492027009

COCOAPODS: 1.16.2
